
Microsoft Visual Studio Solution File, Format Version 12.00
# Visual Studio Version 17
VisualStudioVersion = 17.5.33516.290
MinimumVisualStudioVersion = 10.0.40219.1
Project("{FAE04EC0-301F-11D3-BF4B-00C04F79EFBC}") = "YoloOpenCVSample", "YoloOpenCVSample\YoloOpenCVSample.csproj", "{491084FF-B2C1-486E-918B-AFD57645D37B}"
EndProject
Global
	GlobalSection(SolutionConfigurationPlatforms) = preSolution
		Debug|Any CPU = Debug|Any CPU
		Release|Any CPU = Release|Any CPU
	EndGlobalSection
	GlobalSection(ProjectConfigurationPlatforms) = postSolution
		{491084FF-B2C1-486E-918B-AFD57645D37B}.Debug|Any CPU.ActiveCfg = Debug|Any CPU
		{491084FF-B2C1-486E-918B-AFD57645D37B}.Debug|Any CPU.Build.0 = Debug|Any CPU
		{491084FF-B2C1-486E-918B-AFD57645D37B}.Release|Any CPU.ActiveCfg = Release|Any CPU
		{491084FF-B2C1-486E-918B-AFD57645D37B}.Release|Any CPU.Build.0 = Release|Any CPU
	EndGlobalSection
	GlobalSection(SolutionProperties) = preSolution
		HideSolutionNode = FALSE
	EndGlobalSection
	GlobalSection(ExtensibilityGlobals) = postSolution
		SolutionGuid = {86422FAC-7E1F-4BD4-A74D-E00988E1611E}
	EndGlobalSection
EndGlobal
